// !$*UTF8*$!
{
	archiveVersion = 1;
	classes = {
	};
	objectVersion = 50;
	objects = {

/* Begin PBXBuildFile section */
		84847E0629A7595E006FD15C /* Tracks.json in Resources */ = {isa = PBXBuildFile; fileRef = 84847E0529A7595E006FD15C /* Tracks.json */; };
		84847E0929A759EE006FD15C /* Track.swift in Sources */ = {isa = PBXBuildFile; fileRef = 84847E0829A759EE006FD15C /* Track.swift */; };
		84847E0E29A75A81006FD15C /* TrackManager.swift in Sources */ = {isa = PBXBuildFile; fileRef = 84847E0D29A75A81006FD15C /* TrackManager.swift */; };
		84847E1229A75A9B006FD15C /* String.swift in Sources */ = {isa = PBXBuildFile; fileRef = 84847E0F29A75A9B006FD15C /* String.swift */; };
		84847E1329A75A9B006FD15C /* TimeInterval.swift in Sources */ = {isa = PBXBuildFile; fileRef = 84847E1029A75A9B006FD15C /* TimeInterval.swift */; };
		84847E1429A75A9B006FD15C /* Date.swift in Sources */ = {isa = PBXBuildFile; fileRef = 84847E1129A75A9B006FD15C /* Date.swift */; };
		84847E1629A75BE8006FD15C /* AlbumManager.swift in Sources */ = {isa = PBXBuildFile; fileRef = 84847E1529A75BE8006FD15C /* AlbumManager.swift */; };
		84847E1829A75BF1006FD15C /* Album.swift in Sources */ = {isa = PBXBuildFile; fileRef = 84847E1729A75BF1006FD15C /* Album.swift */; };
		8497988926BD267D001F684A /* AppDelegate.swift in Sources */ = {isa = PBXBuildFile; fileRef = 8497988826BD267D001F684A /* AppDelegate.swift */; };
		8497988B26BD267D001F684A /* SceneDelegate.swift in Sources */ = {isa = PBXBuildFile; fileRef = 8497988A26BD267D001F684A /* SceneDelegate.swift */; };
		8497989226BD268C001F684A /* Assets.xcassets in Resources */ = {isa = PBXBuildFile; fileRef = 8497989126BD268C001F684A /* Assets.xcassets */; };
		8497989526BD268C001F684A /* LaunchScreen.storyboard in Resources */ = {isa = PBXBuildFile; fileRef = 8497989326BD268C001F684A /* LaunchScreen.storyboard */; };
		849798DF26BD2DAE001F684A /* BaseViewController.swift in Sources */ = {isa = PBXBuildFile; fileRef = 849798DE26BD2DAE001F684A /* BaseViewController.swift */; };
		849798E326BD2E1A001F684A /* AlbumListViewController.swift in Sources */ = {isa = PBXBuildFile; fileRef = 849798E226BD2E1A001F684A /* AlbumListViewController.swift */; };
/* End PBXBuildFile section */

/* Begin PBXFileReference section */
		84847E0529A7595E006FD15C /* Tracks.json */ = {isa = PBXFileReference; fileEncoding = 4; lastKnownFileType = text.json; path = Tracks.json; sourceTree = "<group>"; };
		84847E0829A759EE006FD15C /* Track.swift */ = {isa = PBXFileReference; fileEncoding = 4; lastKnownFileType = sourcecode.swift; path = Track.swift; sourceTree = "<group>"; };
		84847E0D29A75A81006FD15C /* TrackManager.swift */ = {isa = PBXFileReference; fileEncoding = 4; lastKnownFileType = sourcecode.swift; path = TrackManager.swift; sourceTree = "<group>"; };
		84847E0F29A75A9B006FD15C /* String.swift */ = {isa = PBXFileReference; fileEncoding = 4; lastKnownFileType = sourcecode.swift; path = String.swift; sourceTree = "<group>"; };
		84847E1029A75A9B006FD15C /* TimeInterval.swift */ = {isa = PBXFileReference; fileEncoding = 4; lastKnownFileType = sourcecode.swift; path = TimeInterval.swift; sourceTree = "<group>"; };
		84847E1129A75A9B006FD15C /* Date.swift */ = {isa = PBXFileReference; fileEncoding = 4; lastKnownFileType = sourcecode.swift; path = Date.swift; sourceTree = "<group>"; };
		84847E1529A75BE8006FD15C /* AlbumManager.swift */ = {isa = PBXFileReference; fileEncoding = 4; lastKnownFileType = sourcecode.swift; path = AlbumManager.swift; sourceTree = "<group>"; };
		84847E1729A75BF1006FD15C /* Album.swift */ = {isa = PBXFileReference; fileEncoding = 4; lastKnownFileType = sourcecode.swift; path = Album.swift; sourceTree = "<group>"; };
		8497988526BD267D001F684A /* Music Player.app */ = {isa = PBXFileReference; explicitFileType = wrapper.application; includeInIndex = 0; path = "Music Player.app"; sourceTree = BUILT_PRODUCTS_DIR; };
		8497988826BD267D001F684A /* AppDelegate.swift */ = {isa = PBXFileReference; lastKnownFileType = sourcecode.swift; path = AppDelegate.swift; sourceTree = "<group>"; };
		8497988A26BD267D001F684A /* SceneDelegate.swift */ = {isa = PBXFileReference; lastKnownFileType = sourcecode.swift; path = SceneDelegate.swift; sourceTree = "<group>"; };
		8497989126BD268C001F684A /* Assets.xcassets */ = {isa = PBXFileReference; lastKnownFileType = folder.assetcatalog; path = Assets.xcassets; sourceTree = "<group>"; };
		8497989426BD268C001F684A /* Base */ = {isa = PBXFileReference; lastKnownFileType = file.storyboard; name = Base; path = Base.lproj/LaunchScreen.storyboard; sourceTree = "<group>"; };
		8497989626BD268C001F684A /* Info.plist */ = {isa = PBXFileReference; lastKnownFileType = text.plist.xml; path = Info.plist; sourceTree = "<group>"; };
		849798DE26BD2DAE001F684A /* BaseViewController.swift */ = {isa = PBXFileReference; lastKnownFileType = sourcecode.swift; path = BaseViewController.swift; sourceTree = "<group>"; };
		849798E226BD2E1A001F684A /* AlbumListViewController.swift */ = {isa = PBXFileReference; lastKnownFileType = sourcecode.swift; path = AlbumListViewController.swift; sourceTree = "<group>"; };
/* End PBXFileReference section */

/* Begin PBXFrameworksBuildPhase section */
		8497988226BD267D001F684A /* Frameworks */ = {
			isa = PBXFrameworksBuildPhase;
			buildActionMask = 2147483647;
			files = (
			);
			runOnlyForDeploymentPostprocessing = 0;
		};
/* End PBXFrameworksBuildPhase section */

/* Begin PBXGroup section */
		84847E0729A759DE006FD15C /* Model */ = {
			isa = PBXGroup;
			children = (
				84847E1729A75BF1006FD15C /* Album.swift */,
				84847E0829A759EE006FD15C /* Track.swift */,
			);
			path = Model;
			sourceTree = "<group>";
		};
		84847E0A29A75A2B006FD15C /* Base */ = {
			isa = PBXGroup;
			children = (
				849798DE26BD2DAE001F684A /* BaseViewController.swift */,
			);
			path = Base;
			sourceTree = "<group>";
		};
		84847E0B29A75A5B006FD15C /* Manager */ = {
			isa = PBXGroup;
			children = (
				84847E1529A75BE8006FD15C /* AlbumManager.swift */,
				84847E0D29A75A81006FD15C /* TrackManager.swift */,
			);
			path = Manager;
			sourceTree = "<group>";
		};
		84847E0C29A75A68006FD15C /* Extensions */ = {
			isa = PBXGroup;
			children = (
				84847E1129A75A9B006FD15C /* Date.swift */,
				84847E0F29A75A9B006FD15C /* String.swift */,
				84847E1029A75A9B006FD15C /* TimeInterval.swift */,
			);
			path = Extensions;
			sourceTree = "<group>";
		};
		8497987C26BD267D001F684A = {
			isa = PBXGroup;
			children = (
				8497988726BD267D001F684A /* Music Player */,
				8497988626BD267D001F684A /* Products */,
			);
			sourceTree = "<group>";
		};
		8497988626BD267D001F684A /* Products */ = {
			isa = PBXGroup;
			children = (
				8497988526BD267D001F684A /* Music Player.app */,
			);
			name = Products;
			sourceTree = "<group>";
		};
		8497988726BD267D001F684A /* Music Player */ = {
			isa = PBXGroup;
			children = (
				84847E0729A759DE006FD15C /* Model */,
				849798A426BD2934001F684A /* Controller */,
				84847E0B29A75A5B006FD15C /* Manager */,
				84847E0C29A75A68006FD15C /* Extensions */,
				849798D926BD2CE9001F684A /* Resource */,
				8497989326BD268C001F684A /* LaunchScreen.storyboard */,
				8497989626BD268C001F684A /* Info.plist */,
			);
			path = "Music Player";
			sourceTree = "<group>";
		};
		849798A426BD2934001F684A /* Controller */ = {
			isa = PBXGroup;
			children = (
				849798DA26BD2D4A001F684A /* AppDelegate */,
				849798DC26BD2D74001F684A /* ViewControllers */,
			);
			path = Controller;
			sourceTree = "<group>";
		};
		849798D926BD2CE9001F684A /* Resource */ = {
			isa = PBXGroup;
			children = (
				8497989126BD268C001F684A /* Assets.xcassets */,
				84847E0529A7595E006FD15C /* Tracks.json */,
			);
			path = Resource;
			sourceTree = "<group>";
		};
		849798DA26BD2D4A001F684A /* AppDelegate */ = {
			isa = PBXGroup;
			children = (
				8497988826BD267D001F684A /* AppDelegate.swift */,
				8497988A26BD267D001F684A /* SceneDelegate.swift */,
			);
			path = AppDelegate;
			sourceTree = "<group>";
		};
		849798DC26BD2D74001F684A /* ViewControllers */ = {
			isa = PBXGroup;
			children = (
				84847E0A29A75A2B006FD15C /* Base */,
				849798E226BD2E1A001F684A /* AlbumListViewController.swift */,
			);
			path = ViewControllers;
			sourceTree = "<group>";
		};
/* End PBXGroup section */

/* Begin PBXNativeTarget section */
		8497988426BD267D001F684A /* Music Player */ = {
			isa = PBXNativeTarget;
			buildConfigurationList = 8497989926BD268C001F684A /* Build configuration list for PBXNativeTarget "Music Player" */;
			buildPhases = (
				8497988126BD267D001F684A /* Sources */,
				8497988226BD267D001F684A /* Frameworks */,
				8497988326BD267D001F684A /* Resources */,
			);
			buildRules = (
			);
			dependencies = (
			);
			name = "Music Player";
			productName = "Music Player";
			productReference = 8497988526BD267D001F684A /* Music Player.app */;
			productType = "com.apple.product-type.application";
		};
/* End PBXNativeTarget section */

/* Begin PBXProject section */
		8497987D26BD267D001F684A /* Project object */ = {
			isa = PBXProject;
			attributes = {
				LastSwiftUpdateCheck = 1240;
				LastUpgradeCheck = 1240;
				TargetAttributes = {
					8497988426BD267D001F684A = {
						CreatedOnToolsVersion = 12.4;
					};
				};
			};
			buildConfigurationList = 8497988026BD267D001F684A /* Build configuration list for PBXProject "Music Player" */;
			compatibilityVersion = "Xcode 9.3";
			developmentRegion = en;
			hasScannedForEncodings = 0;
			knownRegions = (
				en,
				Base,
			);
			mainGroup = 8497987C26BD267D001F684A;
			productRefGroup = 8497988626BD267D001F684A /* Products */;
			projectDirPath = "";
			projectRoot = "";
			targets = (
				8497988426BD267D001F684A /* Music Player */,
			);
		};
/* End PBXProject section */

/* Begin PBXResourcesBuildPhase section */
		8497988326BD267D001F684A /* Resources */ = {
			isa = PBXResourcesBuildPhase;
			buildActionMask = 2147483647;
			files = (
				8497989526BD268C001F684A /* LaunchScreen.storyboard in Resources */,
				8497989226BD268C001F684A /* Assets.xcassets in Resources */,
				84847E0629A7595E006FD15C /* Tracks.json in Resources */,
			);
			runOnlyForDeploymentPostprocessing = 0;
		};
/* End PBXResourcesBuildPhase section */

/* Begin PBXSourcesBuildPhase section */
		8497988126BD267D001F684A /* Sources */ = {
			isa = PBXSourcesBuildPhase;
			buildActionMask = 2147483647;
			files = (
				849798E326BD2E1A001F684A /* AlbumListViewController.swift in Sources */,
				84847E1329A75A9B006FD15C /* TimeInterval.swift in Sources */,
				84847E0E29A75A81006FD15C /* TrackManager.swift in Sources */,
				84847E0929A759EE006FD15C /* Track.swift in Sources */,
				8497988926BD267D001F684A /* AppDelegate.swift in Sources */,
				84847E1629A75BE8006FD15C /* AlbumManager.swift in Sources */,
				84847E1229A75A9B006FD15C /* String.swift in Sources */,
				8497988B26BD267D001F684A /* SceneDelegate.swift in Sources */,
				84847E1829A75BF1006FD15C /* Album.swift in Sources */,
				84847E1429A75A9B006FD15C /* Date.swift in Sources */,
				849798DF26BD2DAE001F684A /* BaseViewController.swift in Sources */,
			);
			runOnlyForDeploymentPostprocessing = 0;
		};
/* End PBXSourcesBuildPhase section */

/* Begin PBXVariantGroup section */
		8497989326BD268C001F684A /* LaunchScreen.storyboard */ = {
			isa = PBXVariantGroup;
			children = (
				8497989426BD268C001F684A /* Base */,
			);
			name = LaunchScreen.storyboard;
			sourceTree = "<group>";
		};
/* End PBXVariantGroup section */

/* Begin XCBuildConfiguration section */
		8497989726BD268C001F684A /* Debug */ = {
			isa = XCBuildConfiguration;
			buildSettings = {
				ALWAYS_SEARCH_USER_PATHS = NO;
				CLANG_ANALYZER_NONNULL = YES;
				CLANG_ANALYZER_NUMBER_OBJECT_CONVERSION = YES_AGGRESSIVE;
				CLANG_CXX_LANGUAGE_STANDARD = "gnu++14";
				CLANG_CXX_LIBRARY = "libc++";
				CLANG_ENABLE_MODULES = YES;
				CLANG_ENABLE_OBJC_ARC = YES;
				CLANG_ENABLE_OBJC_WEAK = YES;
				CLANG_WARN_BLOCK_CAPTURE_AUTORELEASING = YES;
				CLANG_WARN_BOOL_CONVERSION = YES;
				CLANG_WARN_COMMA = YES;
				CLANG_WARN_CONSTANT_CONVERSION = YES;
				CLANG_WARN_DEPRECATED_OBJC_IMPLEMENTATIONS = YES;
				CLANG_WARN_DIRECT_OBJC_ISA_USAGE = YES_ERROR;
				CLANG_WARN_DOCUMENTATION_COMMENTS = YES;
				CLANG_WARN_EMPTY_BODY = YES;
				CLANG_WARN_ENUM_CONVERSION = YES;
				CLANG_WARN_INFINITE_RECURSION = YES;
				CLANG_WARN_INT_CONVERSION = YES;
				CLANG_WARN_NON_LITERAL_NULL_CONVERSION = YES;
				CLANG_WARN_OBJC_IMPLICIT_RETAIN_SELF = YES;
				CLANG_WARN_OBJC_LITERAL_CONVERSION = YES;
				CLANG_WARN_OBJC_ROOT_CLASS = YES_ERROR;
				CLANG_WARN_QUOTED_INCLUDE_IN_FRAMEWORK_HEADER = YES;
				CLANG_WARN_RANGE_LOOP_ANALYSIS = YES;
				CLANG_WARN_STRICT_PROTOTYPES = YES;
				CLANG_WARN_SUSPICIOUS_MOVE = YES;
				CLANG_WARN_UNGUARDED_AVAILABILITY = YES_AGGRESSIVE;
				CLANG_WARN_UNREACHABLE_CODE = YES;
				CLANG_WARN__DUPLICATE_METHOD_MATCH = YES;
				COPY_PHASE_STRIP = NO;
				DEBUG_INFORMATION_FORMAT = dwarf;
				ENABLE_STRICT_OBJC_MSGSEND = YES;
				ENABLE_TESTABILITY = YES;
				GCC_C_LANGUAGE_STANDARD = gnu11;
				GCC_DYNAMIC_NO_PIC = NO;
				GCC_NO_COMMON_BLOCKS = YES;
				GCC_OPTIMIZATION_LEVEL = 0;
				GCC_PREPROCESSOR_DEFINITIONS = (
					"DEBUG=1",
					"$(inherited)",
				);
				GCC_WARN_64_TO_32_BIT_CONVERSION = YES;
				GCC_WARN_ABOUT_RETURN_TYPE = YES_ERROR;
				GCC_WARN_UNDECLARED_SELECTOR = YES;
				GCC_WARN_UNINITIALIZED_AUTOS = YES_AGGRESSIVE;
				GCC_WARN_UNUSED_FUNCTION = YES;
				GCC_WARN_UNUSED_VARIABLE = YES;
				IPHONEOS_DEPLOYMENT_TARGET = 14.4;
				MTL_ENABLE_DEBUG_INFO = INCLUDE_SOURCE;
				MTL_FAST_MATH = YES;
				ONLY_ACTIVE_ARCH = YES;
				SDKROOT = iphoneos;
				SWIFT_ACTIVE_COMPILATION_CONDITIONS = DEBUG;
				SWIFT_OPTIMIZATION_LEVEL = "-Onone";
			};
			name = Debug;
		};
		8497989826BD268C001F684A /* Release */ = {
			isa = XCBuildConfiguration;
			buildSettings = {
				ALWAYS_SEARCH_USER_PATHS = NO;
				CLANG_ANALYZER_NONNULL = YES;
				CLANG_ANALYZER_NUMBER_OBJECT_CONVERSION = YES_AGGRESSIVE;
				CLANG_CXX_LANGUAGE_STANDARD = "gnu++14";
				CLANG_CXX_LIBRARY = "libc++";
				CLANG_ENABLE_MODULES = YES;
				CLANG_ENABLE_OBJC_ARC = YES;
				CLANG_ENABLE_OBJC_WEAK = YES;
				CLANG_WARN_BLOCK_CAPTURE_AUTORELEASING = YES;
				CLANG_WARN_BOOL_CONVERSION = YES;
				CLANG_WARN_COMMA = YES;
				CLANG_WARN_CONSTANT_CONVERSION = YES;
				CLANG_WARN_DEPRECATED_OBJC_IMPLEMENTATIONS = YES;
				CLANG_WARN_DIRECT_OBJC_ISA_USAGE = YES_ERROR;
				CLANG_WARN_DOCUMENTATION_COMMENTS = YES;
				CLANG_WARN_EMPTY_BODY = YES;
				CLANG_WARN_ENUM_CONVERSION = YES;
				CLANG_WARN_INFINITE_RECURSION = YES;
				CLANG_WARN_INT_CONVERSION = YES;
				CLANG_WARN_NON_LITERAL_NULL_CONVERSION = YES;
				CLANG_WARN_OBJC_IMPLICIT_RETAIN_SELF = YES;
				CLANG_WARN_OBJC_LITERAL_CONVERSION = YES;
				CLANG_WARN_OBJC_ROOT_CLASS = YES_ERROR;
				CLANG_WARN_QUOTED_INCLUDE_IN_FRAMEWORK_HEADER = YES;
				CLANG_WARN_RANGE_LOOP_ANALYSIS = YES;
				CLANG_WARN_STRICT_PROTOTYPES = YES;
				CLANG_WARN_SUSPICIOUS_MOVE = YES;
				CLANG_WARN_UNGUARDED_AVAILABILITY = YES_AGGRESSIVE;
				CLANG_WARN_UNREACHABLE_CODE = YES;
				CLANG_WARN__DUPLICATE_METHOD_MATCH = YES;
				COPY_PHASE_STRIP = NO;
				DEBUG_INFORMATION_FORMAT = "dwarf-with-dsym";
				ENABLE_NS_ASSERTIONS = NO;
				ENABLE_STRICT_OBJC_MSGSEND = YES;
				GCC_C_LANGUAGE_STANDARD = gnu11;
				GCC_NO_COMMON_BLOCKS = YES;
				GCC_WARN_64_TO_32_BIT_CONVERSION = YES;
				GCC_WARN_ABOUT_RETURN_TYPE = YES_ERROR;
				GCC_WARN_UNDECLARED_SELECTOR = YES;
				GCC_WARN_UNINITIALIZED_AUTOS = YES_AGGRESSIVE;
				GCC_WARN_UNUSED_FUNCTION = YES;
				GCC_WARN_UNUSED_VARIABLE = YES;
				IPHONEOS_DEPLOYMENT_TARGET = 14.4;
				MTL_ENABLE_DEBUG_INFO = NO;
				MTL_FAST_MATH = YES;
				SDKROOT = iphoneos;
				SWIFT_COMPILATION_MODE = wholemodule;
				SWIFT_OPTIMIZATION_LEVEL = "-O";
				VALIDATE_PRODUCT = YES;
			};
			name = Release;
		};
		8497989A26BD268C001F684A /* Debug */ = {
			isa = XCBuildConfiguration;
			buildSettings = {
				ASSETCATALOG_COMPILER_APPICON_NAME = AppIcon;
				ASSETCATALOG_COMPILER_GLOBAL_ACCENT_COLOR_NAME = AccentColor;
				CODE_SIGN_STYLE = Automatic;
				DEVELOPMENT_TEAM = "";
				INFOPLIST_FILE = "Music Player/Info.plist";
				IPHONEOS_DEPLOYMENT_TARGET = 13.0;
				LD_RUNPATH_SEARCH_PATHS = (
					"$(inherited)",
					"@executable_path/Frameworks",
				);
				PRODUCT_BUNDLE_IDENTIFIER = com.rhg.musicplayer;
				PRODUCT_NAME = "$(TARGET_NAME)";
				SWIFT_VERSION = 5.0;
				TARGETED_DEVICE_FAMILY = "1,2";
			};
			name = Debug;
		};
		8497989B26BD268C001F684A /* Release */ = {
			isa = XCBuildConfiguration;
			buildSettings = {
				ASSETCATALOG_COMPILER_APPICON_NAME = AppIcon;
				ASSETCATALOG_COMPILER_GLOBAL_ACCENT_COLOR_NAME = AccentColor;
				CODE_SIGN_STYLE = Automatic;
				DEVELOPMENT_TEAM = "";
				INFOPLIST_FILE = "Music Player/Info.plist";
				IPHONEOS_DEPLOYMENT_TARGET = 13.0;
				LD_RUNPATH_SEARCH_PATHS = (
					"$(inherited)",
					"@executable_path/Frameworks",
				);
				PRODUCT_BUNDLE_IDENTIFIER = com.rhg.musicplayer;
				PRODUCT_NAME = "$(TARGET_NAME)";
				SWIFT_VERSION = 5.0;
				TARGETED_DEVICE_FAMILY = "1,2";
			};
			name = Release;
		};
/* End XCBuildConfiguration section */

/* Begin XCConfigurationList section */
		8497988026BD267D001F684A /* Build configuration list for PBXProject "Music Player" */ = {
			isa = XCConfigurationList;
			buildConfigurations = (
				8497989726BD268C001F684A /* Debug */,
				8497989826BD268C001F684A /* Release */,
			);
			defaultConfigurationIsVisible = 0;
			defaultConfigurationName = Release;
		};
		8497989926BD268C001F684A /* Build configuration list for PBXNativeTarget "Music Player" */ = {
			isa = XCConfigurationList;
			buildConfigurations = (
				8497989A26BD268C001F684A /* Debug */,
				8497989B26BD268C001F684A /* Release */,
			);
			defaultConfigurationIsVisible = 0;
			defaultConfigurationName = Release;
		};
/* End XCConfigurationList section */
	};
	rootObject = 8497987D26BD267D001F684A /* Project object */;
}
